
Microsoft Visual Studio Solution File, Format Version 12.00
# Visual Studio Version 16
VisualStudioVersion = 16.0.33801.447
MinimumVisualStudioVersion = 10.0.40219.1
Project("{FAE04EC0-301F-11D3-BF4B-00C04F79EFBC}") = "deez", "deez.csproj", "{6330BEBD-A40D-4A67-9A21-D8F11B3E8CBF}"
EndProject
Global
	GlobalSection(SolutionConfigurationPlatforms) = preSolution
		Debug|Any CPU = Debug|Any CPU
		Release|Any CPU = Release|Any CPU
	EndGlobalSection
	GlobalSection(ProjectConfigurationPlatforms) = postSolution
		{6330BEBD-A40D-4A67-9A21-D8F11B3E8CBF}.Debug|Any CPU.ActiveCfg = Debug|Any CPU
		{6330BEBD-A40D-4A67-9A21-D8F11B3E8CBF}.Debug|Any CPU.Build.0 = Debug|Any CPU
		{6330BEBD-A40D-4A67-9A21-D8F11B3E8CBF}.Release|Any CPU.ActiveCfg = Release|Any CPU
		{6330BEBD-A40D-4A67-9A21-D8F11B3E8CBF}.Release|Any CPU.Build.0 = Release|Any CPU
	EndGlobalSection
	GlobalSection(SolutionProperties) = preSolution
		HideSolutionNode = FALSE
	EndGlobalSection
	GlobalSection(ExtensibilityGlobals) = postSolution
		SolutionGuid = {C40926BB-204A-440C-96D1-4F9411707021}
	EndGlobalSection
EndGlobal
